
Microsoft Visual Studio Solution File, Format Version 12.00
# Visual Studio Version 16
VisualStudioVersion = 16.0.30621.155
MinimumVisualStudioVersion = 10.0.40219.1
Project("{FAE04EC0-301F-11D3-BF4B-00C04F79EFBC}") = "CustomerProject", "CustomerProject\CustomerProject.csproj", "{A30AED06-1339-4E84-9B33-F1C50E25DF59}"
EndProject
Project("{FAE04EC0-301F-11D3-BF4B-00C04F79EFBC}") = "CustomerBL", "CustomerBL\CustomerBL.csproj", "{758B8D27-59AE-425F-A928-2116F1A225E8}"
EndProject
Project("{FAE04EC0-301F-11D3-BF4B-00C04F79EFBC}") = "CustomerDAL", "CustomerDAL\CustomerDAL.csproj", "{AAE62DFA-B111-4AC6-A144-AF77E81A489F}"
EndProject
Global
	GlobalSection(SolutionConfigurationPlatforms) = preSolution
		Debug|Any CPU = Debug|Any CPU
		Release|Any CPU = Release|Any CPU
	EndGlobalSection
	GlobalSection(ProjectConfigurationPlatforms) = postSolution
		{A30AED06-1339-4E84-9B33-F1C50E25DF59}.Debug|Any CPU.ActiveCfg = Debug|Any CPU
		{A30AED06-1339-4E84-9B33-F1C50E25DF59}.Debug|Any CPU.Build.0 = Debug|Any CPU
		{A30AED06-1339-4E84-9B33-F1C50E25DF59}.Release|Any CPU.ActiveCfg = Release|Any CPU
		{A30AED06-1339-4E84-9B33-F1C50E25DF59}.Release|Any CPU.Build.0 = Release|Any CPU
		{758B8D27-59AE-425F-A928-2116F1A225E8}.Debug|Any CPU.ActiveCfg = Debug|Any CPU
		{758B8D27-59AE-425F-A928-2116F1A225E8}.Debug|Any CPU.Build.0 = Debug|Any CPU
		{758B8D27-59AE-425F-A928-2116F1A225E8}.Release|Any CPU.ActiveCfg = Release|Any CPU
		{758B8D27-59AE-425F-A928-2116F1A225E8}.Release|Any CPU.Build.0 = Release|Any CPU
		{AAE62DFA-B111-4AC6-A144-AF77E81A489F}.Debug|Any CPU.ActiveCfg = Debug|Any CPU
		{AAE62DFA-B111-4AC6-A144-AF77E81A489F}.Debug|Any CPU.Build.0 = Debug|Any CPU
		{AAE62DFA-B111-4AC6-A144-AF77E81A489F}.Release|Any CPU.ActiveCfg = Release|Any CPU
		{AAE62DFA-B111-4AC6-A144-AF77E81A489F}.Release|Any CPU.Build.0 = Release|Any CPU
	EndGlobalSection
	GlobalSection(SolutionProperties) = preSolution
		HideSolutionNode = FALSE
	EndGlobalSection
	GlobalSection(ExtensibilityGlobals) = postSolution
		SolutionGuid = {1F724589-C82B-4AF7-928A-C8B8BB8E0538}
	EndGlobalSection
EndGlobal
